{
  "version": 4,
  "terraform_version": "1.8.3",
  "serial": 504,
  "lineage": "9e338e28-b1c6-0db3-145d-7806531297c9",
  "outputs": {
    "control_plane_ip": {
      "value": "18.203.187.26",
      "type": "string"
    },
    "worker_nodes_ip": {
      "value": "3.254.57.12952.50.130.220",
      "type": "string"
    }
  },
  "resources": [
    {
      "mode": "managed",
      "type": "ansible_host",
      "name": "kiratech_challenge_control_plane_host",
      "provider": "provider[\"registry.terraform.io/ansible/ansible\"]",
      "instances": [
        {
          "schema_version": 0,
          "attributes": {
            "groups": [
              "master"
            ],
            "id": "control_plane",
            "name": "control_plane",
            "variables": {
              "ansible_host": "18.203.187.26",
              "ansible_ssh_private_key_file": "./private-key.pem",
              "ansible_user": "ubuntu",
              "node_hostname": "master"
            }
          },
          "sensitive_attributes": [],
          "private": "bnVsbA==",
          "dependencies": [
            "aws_instance.kiratech_challenge_control_plane",
            "aws_key_pair.kiratech_challenge_key",
            "aws_security_group.kiratech_challenge_security_group_common",
            "aws_security_group.kiratech_challenge_security_group_control_plane",
            "aws_security_group.kiratech_challenge_security_group_flannel",
            "aws_subnet.kiratech_challenge_subnet",
            "aws_vpc.kiratech_challenge_vpc",
            "tls_private_key.kiratech_challenge_private_key"
          ]
        }
      ]
    },
    {
      "mode": "managed",
      "type": "ansible_host",
      "name": "kiratech_challenge_worker_nodes_host",
      "provider": "provider[\"registry.terraform.io/ansible/ansible\"]",
      "instances": [
        {
          "index_key": 0,
          "schema_version": 0,
          "attributes": {
            "groups": [
              "workers"
            ],
            "id": "worker-0",
            "name": "worker-0",
            "variables": {
              "ansible_host": "3.254.57.129",
              "ansible_ssh_private_key_file": "./private-key.pem",
              "ansible_user": "ubuntu",
              "node_hostname": "worker-0"
            }
          },
          "sensitive_attributes": [],
          "private": "bnVsbA==",
          "dependencies": [
            "aws_instance.kiratech_challenge_worker_nodes",
            "aws_key_pair.kiratech_challenge_key",
            "aws_security_group.kiratech_challenge_security_group_common",
            "aws_security_group.kiratech_challenge_security_group_flannel",
            "aws_security_group.kiratech_challenge_security_group_worker_nodes",
            "aws_subnet.kiratech_challenge_subnet",
            "aws_vpc.kiratech_challenge_vpc",
            "tls_private_key.kiratech_challenge_private_key"
          ]
        },
        {
          "index_key": 1,
          "schema_version": 0,
          "attributes": {
            "groups": [
              "workers"
            ],
            "id": "worker-1",
            "name": "worker-1",
            "variables": {
              "ansible_host": "52.50.130.220",
              "ansible_ssh_private_key_file": "./private-key.pem",
              "ansible_user": "ubuntu",
              "node_hostname": "worker-1"
            }
          },
          "sensitive_attributes": [],
          "private": "bnVsbA==",
          "dependencies": [
            "aws_instance.kiratech_challenge_worker_nodes",
            "aws_key_pair.kiratech_challenge_key",
            "aws_security_group.kiratech_challenge_security_group_common",
            "aws_security_group.kiratech_challenge_security_group_flannel",
            "aws_security_group.kiratech_challenge_security_group_worker_nodes",
            "aws_subnet.kiratech_challenge_subnet",
            "aws_vpc.kiratech_challenge_vpc",
            "tls_private_key.kiratech_challenge_private_key"
          ]
        }
      ]
    },
    {
      "mode": "managed",
      "type": "aws_instance",
      "name": "kiratech_challenge_control_plane",
      "provider": "provider[\"registry.terraform.io/hashicorp/aws\"]",
      "instances": [
        {
          "schema_version": 1,
          "attributes": {
            "ami": "ami-0607a9783dd204cae",
            "arn": "arn:aws:ec2:eu-west-1:471112627015:instance/i-01a49f572d518731b",
            "associate_public_ip_address": true,
            "availability_zone": "eu-west-1c",
            "capacity_reservation_specification": [
              {
                "capacity_reservation_preference": "open",
                "capacity_reservation_target": []
              }
            ],
            "cpu_core_count": 2,
            "cpu_options": [
              {
                "amd_sev_snp": "",
                "core_count": 2,
                "threads_per_core": 1
              }
            ],
            "cpu_threads_per_core": 1,
            "credit_specification": [
              {
                "cpu_credits": "standard"
              }
            ],
            "disable_api_stop": false,
            "disable_api_termination": false,
            "ebs_block_device": [],
            "ebs_optimized": false,
            "enclave_options": [
              {
                "enabled": false
              }
            ],
            "ephemeral_block_device": [],
            "get_password_data": false,
            "hibernation": false,
            "host_id": "",
            "host_resource_group_arn": null,
            "iam_instance_profile": "",
            "id": "i-01a49f572d518731b",
            "instance_initiated_shutdown_behavior": "stop",
            "instance_lifecycle": "",
            "instance_market_options": [],
            "instance_state": "running",
            "instance_type": "t2.medium",
            "ipv6_address_count": 0,
            "ipv6_addresses": [],
            "key_name": "kiratech_challenge_key",
            "launch_template": [],
            "maintenance_options": [
              {
                "auto_recovery": "default"
              }
            ],
            "metadata_options": [
              {
                "http_endpoint": "enabled",
                "http_protocol_ipv6": "disabled",
                "http_put_response_hop_limit": 1,
                "http_tokens": "optional",
                "instance_metadata_tags": "disabled"
              }
            ],
            "monitoring": false,
            "network_interface": [],
            "outpost_arn": "",
            "password_data": "",
            "placement_group": "",
            "placement_partition_number": 0,
            "primary_network_interface_id": "eni-0c50bdae0d6e3b9dc",
            "private_dns": "ip-10-0-1-161.eu-west-1.compute.internal",
            "private_dns_name_options": [
              {
                "enable_resource_name_dns_a_record": false,
                "enable_resource_name_dns_aaaa_record": false,
                "hostname_type": "ip-name"
              }
            ],
            "private_ip": "10.0.1.161",
            "public_dns": "ec2-18-203-187-26.eu-west-1.compute.amazonaws.com",
            "public_ip": "18.203.187.26",
            "root_block_device": [
              {
                "delete_on_termination": true,
                "device_name": "/dev/sda1",
                "encrypted": false,
                "iops": 100,
                "kms_key_id": "",
                "tags": null,
                "tags_all": {},
                "throughput": 0,
                "volume_id": "vol-0f71333bcf1885a94",
                "volume_size": 14,
                "volume_type": "gp2"
              }
            ],
            "secondary_private_ips": [],
            "security_groups": [
              "sg-054c89767976ed231",
              "sg-0c56c1d7c8f2100d7",
              "sg-0f340c351ba82dacb"
            ],
            "source_dest_check": true,
            "spot_instance_request_id": "",
            "subnet_id": "subnet-0b5fd0f0f6d94e9d0",
            "tags": {
              "Name": "kiratech_challenge_control_plane"
            },
            "tags_all": {
              "Name": "kiratech_challenge_control_plane"
            },
            "tenancy": "default",
            "timeouts": null,
            "user_data": null,
            "user_data_base64": null,
            "user_data_replace_on_change": false,
            "volume_tags": null,
            "vpc_security_group_ids": [
              "sg-054c89767976ed231",
              "sg-0c56c1d7c8f2100d7",
              "sg-0f340c351ba82dacb"
            ]
          },
          "sensitive_attributes": [],
          "private": "eyJlMmJmYjczMC1lY2FhLTExZTYtOGY4OC0zNDM2M2JjN2M0YzAiOnsiY3JlYXRlIjo2MDAwMDAwMDAwMDAsImRlbGV0ZSI6MTIwMDAwMDAwMDAwMCwicmVhZCI6OTAwMDAwMDAwMDAwLCJ1cGRhdGUiOjYwMDAwMDAwMDAwMH0sInNjaGVtYV92ZXJzaW9uIjoiMSJ9",
          "dependencies": [
            "aws_key_pair.kiratech_challenge_key",
            "aws_security_group.kiratech_challenge_security_group_common",
            "aws_security_group.kiratech_challenge_security_group_control_plane",
            "aws_security_group.kiratech_challenge_security_group_flannel",
            "aws_subnet.kiratech_challenge_subnet",
            "aws_vpc.kiratech_challenge_vpc",
            "tls_private_key.kiratech_challenge_private_key"
          ]
        }
      ]
    },
    {
      "mode": "managed",
      "type": "aws_instance",
      "name": "kiratech_challenge_worker_nodes",
      "provider": "provider[\"registry.terraform.io/hashicorp/aws\"]",
      "instances": [
        {
          "index_key": 0,
          "schema_version": 1,
          "attributes": {
            "ami": "ami-0607a9783dd204cae",
            "arn": "arn:aws:ec2:eu-west-1:471112627015:instance/i-077ce56a4e4423d57",
            "associate_public_ip_address": true,
            "availability_zone": "eu-west-1c",
            "capacity_reservation_specification": [
              {
                "capacity_reservation_preference": "open",
                "capacity_reservation_target": []
              }
            ],
            "cpu_core_count": 1,
            "cpu_options": [
              {
                "amd_sev_snp": "",
                "core_count": 1,
                "threads_per_core": 1
              }
            ],
            "cpu_threads_per_core": 1,
            "credit_specification": [
              {
                "cpu_credits": "standard"
              }
            ],
            "disable_api_stop": false,
            "disable_api_termination": false,
            "ebs_block_device": [],
            "ebs_optimized": false,
            "enclave_options": [
              {
                "enabled": false
              }
            ],
            "ephemeral_block_device": [],
            "get_password_data": false,
            "hibernation": false,
            "host_id": "",
            "host_resource_group_arn": null,
            "iam_instance_profile": "",
            "id": "i-077ce56a4e4423d57",
            "instance_initiated_shutdown_behavior": "stop",
            "instance_lifecycle": "",
            "instance_market_options": [],
            "instance_state": "running",
            "instance_type": "t2.micro",
            "ipv6_address_count": 0,
            "ipv6_addresses": [],
            "key_name": "kiratech_challenge_key",
            "launch_template": [],
            "maintenance_options": [
              {
                "auto_recovery": "default"
              }
            ],
            "metadata_options": [
              {
                "http_endpoint": "enabled",
                "http_protocol_ipv6": "disabled",
                "http_put_response_hop_limit": 1,
                "http_tokens": "optional",
                "instance_metadata_tags": "disabled"
              }
            ],
            "monitoring": false,
            "network_interface": [],
            "outpost_arn": "",
            "password_data": "",
            "placement_group": "",
            "placement_partition_number": 0,
            "primary_network_interface_id": "eni-0de317804538e63bd",
            "private_dns": "ip-10-0-1-231.eu-west-1.compute.internal",
            "private_dns_name_options": [
              {
                "enable_resource_name_dns_a_record": false,
                "enable_resource_name_dns_aaaa_record": false,
                "hostname_type": "ip-name"
              }
            ],
            "private_ip": "10.0.1.231",
            "public_dns": "ec2-3-254-57-129.eu-west-1.compute.amazonaws.com",
            "public_ip": "3.254.57.129",
            "root_block_device": [
              {
                "delete_on_termination": true,
                "device_name": "/dev/sda1",
                "encrypted": false,
                "iops": 100,
                "kms_key_id": "",
                "tags": {},
                "tags_all": {},
                "throughput": 0,
                "volume_id": "vol-0d4f45cdb6dc1868e",
                "volume_size": 8,
                "volume_type": "gp2"
              }
            ],
            "secondary_private_ips": [],
            "security_groups": [
              "sg-07a4a3fd7cbde78b0",
              "sg-0c56c1d7c8f2100d7",
              "sg-0f340c351ba82dacb"
            ],
            "source_dest_check": true,
            "spot_instance_request_id": "",
            "subnet_id": "subnet-0b5fd0f0f6d94e9d0",
            "tags": {
              "Name": "kiratech_challenge Worker0",
              "Role": "Control Plane"
            },
            "tags_all": {
              "Name": "kiratech_challenge Worker0",
              "Role": "Control Plane"
            },
            "tenancy": "default",
            "timeouts": null,
            "user_data": null,
            "user_data_base64": null,
            "user_data_replace_on_change": false,
            "volume_tags": null,
            "vpc_security_group_ids": [
              "sg-07a4a3fd7cbde78b0",
              "sg-0c56c1d7c8f2100d7",
              "sg-0f340c351ba82dacb"
            ]
          },
          "sensitive_attributes": [],
          "private": "eyJlMmJmYjczMC1lY2FhLTExZTYtOGY4OC0zNDM2M2JjN2M0YzAiOnsiY3JlYXRlIjo2MDAwMDAwMDAwMDAsImRlbGV0ZSI6MTIwMDAwMDAwMDAwMCwicmVhZCI6OTAwMDAwMDAwMDAwLCJ1cGRhdGUiOjYwMDAwMDAwMDAwMH0sInNjaGVtYV92ZXJzaW9uIjoiMSJ9",
          "dependencies": [
            "aws_key_pair.kiratech_challenge_key",
            "aws_security_group.kiratech_challenge_security_group_common",
            "aws_security_group.kiratech_challenge_security_group_flannel",
            "aws_security_group.kiratech_challenge_security_group_worker_nodes",
            "aws_subnet.kiratech_challenge_subnet",
            "aws_vpc.kiratech_challenge_vpc",
            "tls_private_key.kiratech_challenge_private_key"
          ]
        },
        {
          "index_key": 1,
          "schema_version": 1,
          "attributes": {
            "ami": "ami-0607a9783dd204cae",
            "arn": "arn:aws:ec2:eu-west-1:471112627015:instance/i-052af9aa72f948d2e",
            "associate_public_ip_address": true,
            "availability_zone": "eu-west-1c",
            "capacity_reservation_specification": [
              {
                "capacity_reservation_preference": "open",
                "capacity_reservation_target": []
              }
            ],
            "cpu_core_count": 1,
            "cpu_options": [
              {
                "amd_sev_snp": "",
                "core_count": 1,
                "threads_per_core": 1
              }
            ],
            "cpu_threads_per_core": 1,
            "credit_specification": [
              {
                "cpu_credits": "standard"
              }
            ],
            "disable_api_stop": false,
            "disable_api_termination": false,
            "ebs_block_device": [],
            "ebs_optimized": false,
            "enclave_options": [
              {
                "enabled": false
              }
            ],
            "ephemeral_block_device": [],
            "get_password_data": false,
            "hibernation": false,
            "host_id": "",
            "host_resource_group_arn": null,
            "iam_instance_profile": "",
            "id": "i-052af9aa72f948d2e",
            "instance_initiated_shutdown_behavior": "stop",
            "instance_lifecycle": "",
            "instance_market_options": [],
            "instance_state": "running",
            "instance_type": "t2.micro",
            "ipv6_address_count": 0,
            "ipv6_addresses": [],
            "key_name": "kiratech_challenge_key",
            "launch_template": [],
            "maintenance_options": [
              {
                "auto_recovery": "default"
              }
            ],
            "metadata_options": [
              {
                "http_endpoint": "enabled",
                "http_protocol_ipv6": "disabled",
                "http_put_response_hop_limit": 1,
                "http_tokens": "optional",
                "instance_metadata_tags": "disabled"
              }
            ],
            "monitoring": false,
            "network_interface": [],
            "outpost_arn": "",
            "password_data": "",
            "placement_group": "",
            "placement_partition_number": 0,
            "primary_network_interface_id": "eni-07f81c40e891384c0",
            "private_dns": "ip-10-0-1-72.eu-west-1.compute.internal",
            "private_dns_name_options": [
              {
                "enable_resource_name_dns_a_record": false,
                "enable_resource_name_dns_aaaa_record": false,
                "hostname_type": "ip-name"
              }
            ],
            "private_ip": "10.0.1.72",
            "public_dns": "ec2-52-50-130-220.eu-west-1.compute.amazonaws.com",
            "public_ip": "52.50.130.220",
            "root_block_device": [
              {
                "delete_on_termination": true,
                "device_name": "/dev/sda1",
                "encrypted": false,
                "iops": 100,
                "kms_key_id": "",
                "tags": {},
                "tags_all": {},
                "throughput": 0,
                "volume_id": "vol-059ffddcf6e015319",
                "volume_size": 8,
                "volume_type": "gp2"
              }
            ],
            "secondary_private_ips": [],
            "security_groups": [
              "sg-07a4a3fd7cbde78b0",
              "sg-0c56c1d7c8f2100d7",
              "sg-0f340c351ba82dacb"
            ],
            "source_dest_check": true,
            "spot_instance_request_id": "",
            "subnet_id": "subnet-0b5fd0f0f6d94e9d0",
            "tags": {
              "Name": "kiratech_challenge Worker1",
              "Role": "Control Plane"
            },
            "tags_all": {
              "Name": "kiratech_challenge Worker1",
              "Role": "Control Plane"
            },
            "tenancy": "default",
            "timeouts": null,
            "user_data": null,
            "user_data_base64": null,
            "user_data_replace_on_change": false,
            "volume_tags": null,
            "vpc_security_group_ids": [
              "sg-07a4a3fd7cbde78b0",
              "sg-0c56c1d7c8f2100d7",
              "sg-0f340c351ba82dacb"
            ]
          },
          "sensitive_attributes": [],
          "private": "eyJlMmJmYjczMC1lY2FhLTExZTYtOGY4OC0zNDM2M2JjN2M0YzAiOnsiY3JlYXRlIjo2MDAwMDAwMDAwMDAsImRlbGV0ZSI6MTIwMDAwMDAwMDAwMCwicmVhZCI6OTAwMDAwMDAwMDAwLCJ1cGRhdGUiOjYwMDAwMDAwMDAwMH0sInNjaGVtYV92ZXJzaW9uIjoiMSJ9",
          "dependencies": [
            "aws_key_pair.kiratech_challenge_key",
            "aws_security_group.kiratech_challenge_security_group_common",
            "aws_security_group.kiratech_challenge_security_group_flannel",
            "aws_security_group.kiratech_challenge_security_group_worker_nodes",
            "aws_subnet.kiratech_challenge_subnet",
            "aws_vpc.kiratech_challenge_vpc",
            "tls_private_key.kiratech_challenge_private_key"
          ]
        }
      ]
    },
    {
      "mode": "managed",
      "type": "aws_internet_gateway",
      "name": "kiratech_challenge_internet_gateway",
      "provider": "provider[\"registry.terraform.io/hashicorp/aws\"]",
      "instances": [
        {
          "schema_version": 0,
          "attributes": {
            "arn": "arn:aws:ec2:eu-west-1:471112627015:internet-gateway/igw-0e7e616ec8492b1d4",
            "id": "igw-0e7e616ec8492b1d4",
            "owner_id": "471112627015",
            "tags": {
              "Name": "kiratech_challenge_internet_gateway"
            },
            "tags_all": {
              "Name": "kiratech_challenge_internet_gateway"
            },
            "timeouts": null,
            "vpc_id": "vpc-049647c3bfcd2ae4d"
          },
          "sensitive_attributes": [],
          "private": "eyJlMmJmYjczMC1lY2FhLTExZTYtOGY4OC0zNDM2M2JjN2M0YzAiOnsiY3JlYXRlIjoxMjAwMDAwMDAwMDAwLCJkZWxldGUiOjEyMDAwMDAwMDAwMDAsInVwZGF0ZSI6MTIwMDAwMDAwMDAwMH19",
          "dependencies": [
            "aws_vpc.kiratech_challenge_vpc"
          ]
        }
      ]
    },
    {
      "mode": "managed",
      "type": "aws_key_pair",
      "name": "kiratech_challenge_key",
      "provider": "provider[\"registry.terraform.io/hashicorp/aws\"]",
      "instances": [
        {
          "schema_version": 1,
          "attributes": {
            "arn": "arn:aws:ec2:eu-west-1:471112627015:key-pair/kiratech_challenge_key",
            "fingerprint": "cf:4d:61:17:90:28:51:da:44:5f:ae:43:c6:0b:82:ac",
            "id": "kiratech_challenge_key",
            "key_name": "kiratech_challenge_key",
            "key_name_prefix": "",
            "key_pair_id": "key-020a952047fced34f",
            "key_type": "rsa",
            "public_key": "ssh-rsa AAAAB3NzaC1yc2EAAAADAQABAAACAQDXNhcakhNSgQTpbePJIfElxtW/O4tTHHrwv3RkDggfX3naG8hMUUP4OaRM8hlJQm4kOC2ZN0jQ/RXSiiUco7Tn1Twa1i6ny7h6kl8YT+AhLGlwZtiNoot6FWCZ0EwwwzRZ+GjC3wjYoblV6d9I3RT5GYhAHkoS97WOMb4+ffNZNI5ezX3V81f+ZjSkTDLtb/gDmk2HVDMyo9HTG5+8uuX47UsGLB4dJb1J9vVpP/WtUkO58vDvbhBwYaxlABu77zoRPmFTTzbF361YDHid8PAjU0asPSnXrI1aCzbLKjwA5YCzznYacfARqIVUhm+JFG4ndOmP6fCK+4ulyex6h3i7aESeNPjYXEDdu7+yS/hvRE05vGqi6Hzs20eF8YxRMmTNYbf/Ws71MOrKd3rhEsNDF+0RK1zZcOdzaKv5zpNh6Lz1f2VG+vCK1FUiI1YA6wfl8iORtv86SsJcT8jHD+BGewjPyleUe2bopRBTjBulNgqcU4JKPf6/e+8Qf2ixwxvkZPLdQBq9yPnhdWEm1Ww1HOZNwTY9tu1hMFGWj4Cg97N8CRQgRW6T6E7G6swQyzl3rRxZ73uvm9urG31u3XlvsuZRzV4GQPJEYrTAq/P/QleBasOS6H7TokZShhjOAW/rvaVRtWbVtbeE7z8VyqUuhstrEny8+qTvvhbsImjC2w==",
            "tags": null,
            "tags_all": {}
          },
          "sensitive_attributes": [],
          "private": "eyJzY2hlbWFfdmVyc2lvbiI6IjEifQ==",
          "dependencies": [
            "tls_private_key.kiratech_challenge_private_key"
          ]
        }
      ]
    },
    {
      "mode": "managed",
      "type": "aws_route_table",
      "name": "kiratech_challenge_route_table",
      "provider": "provider[\"registry.terraform.io/hashicorp/aws\"]",
      "instances": [
        {
          "schema_version": 0,
          "attributes": {
            "arn": "arn:aws:ec2:eu-west-1:471112627015:route-table/rtb-0008160e346e851c3",
            "id": "rtb-0008160e346e851c3",
            "owner_id": "471112627015",
            "propagating_vgws": [],
            "route": [
              {
                "carrier_gateway_id": "",
                "cidr_block": "0.0.0.0/0",
                "core_network_arn": "",
                "destination_prefix_list_id": "",
                "egress_only_gateway_id": "",
                "gateway_id": "igw-0e7e616ec8492b1d4",
                "ipv6_cidr_block": "",
                "local_gateway_id": "",
                "nat_gateway_id": "",
                "network_interface_id": "",
                "transit_gateway_id": "",
                "vpc_endpoint_id": "",
                "vpc_peering_connection_id": ""
              }
            ],
            "tags": {
              "Name": "example"
            },
            "tags_all": {
              "Name": "example"
            },
            "timeouts": null,
            "vpc_id": "vpc-049647c3bfcd2ae4d"
          },
          "sensitive_attributes": [],
          "private": "eyJlMmJmYjczMC1lY2FhLTExZTYtOGY4OC0zNDM2M2JjN2M0YzAiOnsiY3JlYXRlIjozMDAwMDAwMDAwMDAsImRlbGV0ZSI6MzAwMDAwMDAwMDAwLCJ1cGRhdGUiOjEyMDAwMDAwMDAwMH19",
          "dependencies": [
            "aws_internet_gateway.kiratech_challenge_internet_gateway",
            "aws_vpc.kiratech_challenge_vpc"
          ]
        }
      ]
    },
    {
      "mode": "managed",
      "type": "aws_route_table_association",
      "name": "kiratech_challenge_route_association",
      "provider": "provider[\"registry.terraform.io/hashicorp/aws\"]",
      "instances": [
        {
          "schema_version": 0,
          "attributes": {
            "gateway_id": "",
            "id": "rtbassoc-06ebfcfc7b83a6e97",
            "route_table_id": "rtb-0008160e346e851c3",
            "subnet_id": "subnet-0b5fd0f0f6d94e9d0",
            "timeouts": null
          },
          "sensitive_attributes": [],
          "private": "eyJlMmJmYjczMC1lY2FhLTExZTYtOGY4OC0zNDM2M2JjN2M0YzAiOnsiY3JlYXRlIjozMDAwMDAwMDAwMDAsImRlbGV0ZSI6MzAwMDAwMDAwMDAwLCJ1cGRhdGUiOjEyMDAwMDAwMDAwMH19",
          "dependencies": [
            "aws_internet_gateway.kiratech_challenge_internet_gateway",
            "aws_route_table.kiratech_challenge_route_table",
            "aws_subnet.kiratech_challenge_subnet",
            "aws_vpc.kiratech_challenge_vpc"
          ]
        }
      ]
    },
    {
      "mode": "managed",
      "type": "aws_security_group",
      "name": "kiratech_challenge_security_group_common",
      "provider": "provider[\"registry.terraform.io/hashicorp/aws\"]",
      "instances": [
        {
          "schema_version": 1,
          "attributes": {
            "arn": "arn:aws:ec2:eu-west-1:471112627015:security-group/sg-0f340c351ba82dacb",
            "description": "Managed by Terraform",
            "egress": [
              {
                "cidr_blocks": [
                  "0.0.0.0/0"
                ],
                "description": "",
                "from_port": 0,
                "ipv6_cidr_blocks": [],
                "prefix_list_ids": [],
                "protocol": "-1",
                "security_groups": [],
                "self": false,
                "to_port": 0
              }
            ],
            "id": "sg-0f340c351ba82dacb",
            "ingress": [
              {
                "cidr_blocks": [
                  "0.0.0.0/0"
                ],
                "description": "Allow HTTP",
                "from_port": 80,
                "ipv6_cidr_blocks": [],
                "prefix_list_ids": [],
                "protocol": "tcp",
                "security_groups": [],
                "self": false,
                "to_port": 80
              },
              {
                "cidr_blocks": [
                  "0.0.0.0/0"
                ],
                "description": "Allow HTTPS",
                "from_port": 443,
                "ipv6_cidr_blocks": [],
                "prefix_list_ids": [],
                "protocol": "tcp",
                "security_groups": [],
                "self": false,
                "to_port": 443
              },
              {
                "cidr_blocks": [
                  "0.0.0.0/0"
                ],
                "description": "Allow SSH",
                "from_port": 22,
                "ipv6_cidr_blocks": [],
                "prefix_list_ids": [],
                "protocol": "tcp",
                "security_groups": [],
                "self": false,
                "to_port": 22
              }
            ],
            "name": "kiratech_challenge_security_group_common",
            "name_prefix": "",
            "owner_id": "471112627015",
            "revoke_rules_on_delete": false,
            "tags": {
              "Name": "kiratech_challenge_security_group_common"
            },
            "tags_all": {
              "Name": "kiratech_challenge_security_group_common"
            },
            "timeouts": null,
            "vpc_id": "vpc-049647c3bfcd2ae4d"
          },
          "sensitive_attributes": [],
          "private": "eyJlMmJmYjczMC1lY2FhLTExZTYtOGY4OC0zNDM2M2JjN2M0YzAiOnsiY3JlYXRlIjo2MDAwMDAwMDAwMDAsImRlbGV0ZSI6OTAwMDAwMDAwMDAwfSwic2NoZW1hX3ZlcnNpb24iOiIxIn0=",
          "dependencies": [
            "aws_vpc.kiratech_challenge_vpc"
          ]
        }
      ]
    },
    {
      "mode": "managed",
      "type": "aws_security_group",
      "name": "kiratech_challenge_security_group_control_plane",
      "provider": "provider[\"registry.terraform.io/hashicorp/aws\"]",
      "instances": [
        {
          "schema_version": 1,
          "attributes": {
            "arn": "arn:aws:ec2:eu-west-1:471112627015:security-group/sg-054c89767976ed231",
            "description": "Managed by Terraform",
            "egress": [],
            "id": "sg-054c89767976ed231",
            "ingress": [
              {
                "cidr_blocks": [
                  "0.0.0.0/0"
                ],
                "description": "Allow HTTPS",
                "from_port": 6443,
                "ipv6_cidr_blocks": [],
                "prefix_list_ids": [],
                "protocol": "tcp",
                "security_groups": [],
                "self": false,
                "to_port": 6443
              },
              {
                "cidr_blocks": [
                  "0.0.0.0/0"
                ],
                "description": "Etcd server client API",
                "from_port": 2379,
                "ipv6_cidr_blocks": [],
                "prefix_list_ids": [],
                "protocol": "tcp",
                "security_groups": [],
                "self": false,
                "to_port": 2380
              },
              {
                "cidr_blocks": [
                  "0.0.0.0/0"
                ],
                "description": "Kubelet API",
                "from_port": 10250,
                "ipv6_cidr_blocks": [],
                "prefix_list_ids": [],
                "protocol": "tcp",
                "security_groups": [],
                "self": false,
                "to_port": 10250
              },
              {
                "cidr_blocks": [
                  "0.0.0.0/0"
                ],
                "description": "kube-controller-manager",
                "from_port": 10257,
                "ipv6_cidr_blocks": [],
                "prefix_list_ids": [],
                "protocol": "tcp",
                "security_groups": [],
                "self": false,
                "to_port": 10257
              },
              {
                "cidr_blocks": [
                  "0.0.0.0/0"
                ],
                "description": "kube-scheduler",
                "from_port": 10259,
                "ipv6_cidr_blocks": [],
                "prefix_list_ids": [],
                "protocol": "tcp",
                "security_groups": [],
                "self": false,
                "to_port": 10259
              }
            ],
            "name": "kiratech_challenge_security_group_control_plane",
            "name_prefix": "",
            "owner_id": "471112627015",
            "revoke_rules_on_delete": false,
            "tags": {
              "Name": "kiratech_challenge_security_group_control_plane"
            },
            "tags_all": {
              "Name": "kiratech_challenge_security_group_control_plane"
            },
            "timeouts": null,
            "vpc_id": "vpc-049647c3bfcd2ae4d"
          },
          "sensitive_attributes": [],
          "private": "eyJlMmJmYjczMC1lY2FhLTExZTYtOGY4OC0zNDM2M2JjN2M0YzAiOnsiY3JlYXRlIjo2MDAwMDAwMDAwMDAsImRlbGV0ZSI6OTAwMDAwMDAwMDAwfSwic2NoZW1hX3ZlcnNpb24iOiIxIn0=",
          "dependencies": [
            "aws_vpc.kiratech_challenge_vpc"
          ]
        }
      ]
    },
    {
      "mode": "managed",
      "type": "aws_security_group",
      "name": "kiratech_challenge_security_group_flannel",
      "provider": "provider[\"registry.terraform.io/hashicorp/aws\"]",
      "instances": [
        {
          "schema_version": 1,
          "attributes": {
            "arn": "arn:aws:ec2:eu-west-1:471112627015:security-group/sg-0c56c1d7c8f2100d7",
            "description": "Managed by Terraform",
            "egress": [],
            "id": "sg-0c56c1d7c8f2100d7",
            "ingress": [
              {
                "cidr_blocks": [
                  "0.0.0.0/0"
                ],
                "description": "udp backend",
                "from_port": 8285,
                "ipv6_cidr_blocks": [],
                "prefix_list_ids": [],
                "protocol": "udp",
                "security_groups": [],
                "self": false,
                "to_port": 8285
              },
              {
                "cidr_blocks": [
                  "0.0.0.0/0"
                ],
                "description": "udp vxlan backend",
                "from_port": 8472,
                "ipv6_cidr_blocks": [],
                "prefix_list_ids": [],
                "protocol": "udp",
                "security_groups": [],
                "self": false,
                "to_port": 8472
              }
            ],
            "name": "kiratech_challenge_security_group_flannel",
            "name_prefix": "",
            "owner_id": "471112627015",
            "revoke_rules_on_delete": false,
            "tags": {
              "Name": "kiratech_challenge_security_group_flannel"
            },
            "tags_all": {
              "Name": "kiratech_challenge_security_group_flannel"
            },
            "timeouts": null,
            "vpc_id": "vpc-049647c3bfcd2ae4d"
          },
          "sensitive_attributes": [],
          "private": "eyJlMmJmYjczMC1lY2FhLTExZTYtOGY4OC0zNDM2M2JjN2M0YzAiOnsiY3JlYXRlIjo2MDAwMDAwMDAwMDAsImRlbGV0ZSI6OTAwMDAwMDAwMDAwfSwic2NoZW1hX3ZlcnNpb24iOiIxIn0=",
          "dependencies": [
            "aws_vpc.kiratech_challenge_vpc"
          ]
        }
      ]
    },
    {
      "mode": "managed",
      "type": "aws_security_group",
      "name": "kiratech_challenge_security_group_worker_nodes",
      "provider": "provider[\"registry.terraform.io/hashicorp/aws\"]",
      "instances": [
        {
          "schema_version": 1,
          "attributes": {
            "arn": "arn:aws:ec2:eu-west-1:471112627015:security-group/sg-07a4a3fd7cbde78b0",
            "description": "Managed by Terraform",
            "egress": [],
            "id": "sg-07a4a3fd7cbde78b0",
            "ingress": [
              {
                "cidr_blocks": [
                  "0.0.0.0/0"
                ],
                "description": "Kubelet API",
                "from_port": 10250,
                "ipv6_cidr_blocks": [],
                "prefix_list_ids": [],
                "protocol": "tcp",
                "security_groups": [],
                "self": false,
                "to_port": 10250
              },
              {
                "cidr_blocks": [
                  "0.0.0.0/0"
                ],
                "description": "NodePort Services",
                "from_port": 30000,
                "ipv6_cidr_blocks": [],
                "prefix_list_ids": [],
                "protocol": "tcp",
                "security_groups": [],
                "self": false,
                "to_port": 32767
              }
            ],
            "name": "kiratech_challenge_security_group_worker_nodes",
            "name_prefix": "",
            "owner_id": "471112627015",
            "revoke_rules_on_delete": false,
            "tags": null,
            "tags_all": {},
            "timeouts": null,
            "vpc_id": "vpc-049647c3bfcd2ae4d"
          },
          "sensitive_attributes": [],
          "private": "eyJlMmJmYjczMC1lY2FhLTExZTYtOGY4OC0zNDM2M2JjN2M0YzAiOnsiY3JlYXRlIjo2MDAwMDAwMDAwMDAsImRlbGV0ZSI6OTAwMDAwMDAwMDAwfSwic2NoZW1hX3ZlcnNpb24iOiIxIn0=",
          "dependencies": [
            "aws_vpc.kiratech_challenge_vpc"
          ]
        }
      ]
    },
    {
      "mode": "managed",
      "type": "aws_subnet",
      "name": "kiratech_challenge_subnet",
      "provider": "provider[\"registry.terraform.io/hashicorp/aws\"]",
      "instances": [
        {
          "schema_version": 1,
          "attributes": {
            "arn": "arn:aws:ec2:eu-west-1:471112627015:subnet/subnet-0b5fd0f0f6d94e9d0",
            "assign_ipv6_address_on_creation": false,
            "availability_zone": "eu-west-1c",
            "availability_zone_id": "euw1-az2",
            "cidr_block": "10.0.1.0/24",
            "customer_owned_ipv4_pool": "",
            "enable_dns64": false,
            "enable_lni_at_device_index": 0,
            "enable_resource_name_dns_a_record_on_launch": false,
            "enable_resource_name_dns_aaaa_record_on_launch": false,
            "id": "subnet-0b5fd0f0f6d94e9d0",
            "ipv6_cidr_block": "",
            "ipv6_cidr_block_association_id": "",
            "ipv6_native": false,
            "map_customer_owned_ip_on_launch": false,
            "map_public_ip_on_launch": true,
            "outpost_arn": "",
            "owner_id": "471112627015",
            "private_dns_hostname_type_on_launch": "ip-name",
            "tags": {
              "Name": "kiratech_challenge_subnet"
            },
            "tags_all": {
              "Name": "kiratech_challenge_subnet"
            },
            "timeouts": null,
            "vpc_id": "vpc-049647c3bfcd2ae4d"
          },
          "sensitive_attributes": [],
          "private": "eyJlMmJmYjczMC1lY2FhLTExZTYtOGY4OC0zNDM2M2JjN2M0YzAiOnsiY3JlYXRlIjo2MDAwMDAwMDAwMDAsImRlbGV0ZSI6MTIwMDAwMDAwMDAwMH0sInNjaGVtYV92ZXJzaW9uIjoiMSJ9",
          "dependencies": [
            "aws_vpc.kiratech_challenge_vpc"
          ]
        }
      ]
    },
    {
      "mode": "managed",
      "type": "aws_vpc",
      "name": "kiratech_challenge_vpc",
      "provider": "provider[\"registry.terraform.io/hashicorp/aws\"]",
      "instances": [
        {
          "schema_version": 1,
          "attributes": {
            "arn": "arn:aws:ec2:eu-west-1:471112627015:vpc/vpc-049647c3bfcd2ae4d",
            "assign_generated_ipv6_cidr_block": false,
            "cidr_block": "10.0.0.0/16",
            "default_network_acl_id": "acl-01d189c5217a117f8",
            "default_route_table_id": "rtb-0732eb6360844b290",
            "default_security_group_id": "sg-04d12684611d1488b",
            "dhcp_options_id": "dopt-08727dcca9bf68a9a",
            "enable_dns_hostnames": true,
            "enable_dns_support": true,
            "enable_network_address_usage_metrics": false,
            "id": "vpc-049647c3bfcd2ae4d",
            "instance_tenancy": "default",
            "ipv4_ipam_pool_id": null,
            "ipv4_netmask_length": null,
            "ipv6_association_id": "",
            "ipv6_cidr_block": "",
            "ipv6_cidr_block_network_border_group": "",
            "ipv6_ipam_pool_id": "",
            "ipv6_netmask_length": 0,
            "main_route_table_id": "rtb-0732eb6360844b290",
            "owner_id": "471112627015",
            "tags": {
              "Name": "kiratech_challenge_vpc"
            },
            "tags_all": {
              "Name": "kiratech_challenge_vpc"
            }
          },
          "sensitive_attributes": [],
          "private": "eyJzY2hlbWFfdmVyc2lvbiI6IjEifQ=="
        }
      ]
    },
    {
      "mode": "managed",
      "type": "tls_private_key",
      "name": "kiratech_challenge_private_key",
      "provider": "provider[\"registry.terraform.io/hashicorp/tls\"]",
      "instances": [
        {
          "schema_version": 1,
          "attributes": {
            "algorithm": "RSA",
            "ecdsa_curve": "P224",
            "id": "8814ee9cc5bfaf3f929355012d95bab9df016435",
            "private_key_openssh": "-----BEGIN OPENSSH PRIVATE KEY-----\nb3BlbnNzaC1rZXktdjEAAAAABG5vbmUAAAAEbm9uZQAAAAAAAAABAAACFwAAAAdz\nc2gtcnNhAAAAAwEAAQAAAgEA1zYXGpITUoEE6W3jySHxJcbVvzuLUxx68L90ZA4I\nH1952hvITFFD+DmkTPIZSUJuJDgtmTdI0P0V0oolHKO059U8GtYup8u4epJfGE/g\nISxpcGbYjaKLehVgmdBMMMM0Wfhowt8I2KG5VenfSN0U+RmIQB5KEve1jjG+Pn3z\nWTSOXs191fNX/mY0pEwy7W/4A5pNh1QzMqPR0xufvLrl+O1LBiweHSW9Sfb1aT/1\nrVJDufLw724QcGGsZQAbu+86ET5hU082xd+tWAx4nfDwI1NGrD0p16yNWgs2yyo8\nAOWAs852GnHwEaiFVIZviRRuJ3Tpj+nwivuLpcnseod4u2hEnjT42FxA3bu/skv4\nb0RNObxqouh87NtHhfGMUTJkzWG3/1rO9TDqynd64RLDQxftEStc2XDnc2ir+c6T\nYei89X9lRvrwitRVIiNWAOsH5fIjkbb/OkrCXE/Ixw/gRnsIz8pXlHtm6KUQU4wb\npTYKnFOCSj3+v3vvEH9oscMb5GTy3UAavcj54XVhJtVsNRzmTcE2PbbtYTBRlo+A\noPezfAkUIEVuk+hOxurMEMs5d60cWe97r5vbqxt9bt15b7LmUc1eBkDyRGK0wKvz\n/0JXgWrDkuh+06JGUoYYzgFv672lUbVm1bW3hO8/FcqlLobLaxJ8vPqk774W7CJo\nwtsAAAc42Cn/e9gp/3sAAAAHc3NoLXJzYQAAAgEA1zYXGpITUoEE6W3jySHxJcbV\nvzuLUxx68L90ZA4IH1952hvITFFD+DmkTPIZSUJuJDgtmTdI0P0V0oolHKO059U8\nGtYup8u4epJfGE/gISxpcGbYjaKLehVgmdBMMMM0Wfhowt8I2KG5VenfSN0U+RmI\nQB5KEve1jjG+Pn3zWTSOXs191fNX/mY0pEwy7W/4A5pNh1QzMqPR0xufvLrl+O1L\nBiweHSW9Sfb1aT/1rVJDufLw724QcGGsZQAbu+86ET5hU082xd+tWAx4nfDwI1NG\nrD0p16yNWgs2yyo8AOWAs852GnHwEaiFVIZviRRuJ3Tpj+nwivuLpcnseod4u2hE\nnjT42FxA3bu/skv4b0RNObxqouh87NtHhfGMUTJkzWG3/1rO9TDqynd64RLDQxft\nEStc2XDnc2ir+c6TYei89X9lRvrwitRVIiNWAOsH5fIjkbb/OkrCXE/Ixw/gRnsI\nz8pXlHtm6KUQU4wbpTYKnFOCSj3+v3vvEH9oscMb5GTy3UAavcj54XVhJtVsNRzm\nTcE2PbbtYTBRlo+AoPezfAkUIEVuk+hOxurMEMs5d60cWe97r5vbqxt9bt15b7Lm\nUc1eBkDyRGK0wKvz/0JXgWrDkuh+06JGUoYYzgFv672lUbVm1bW3hO8/FcqlLobL\naxJ8vPqk774W7CJowtsAAAADAQABAAACAFZpB3nJsSxtVVWMo+s8T6EFZwlzlQt3\n4f0MQmVyJNzD7x8eDJxn/MyMCGZExtZdb+/nBpgAVKJlG///K8uGB7sWKR31ZaJF\n7/p3DuuqFqn7NRLGmKi13R7VuoXH1u+1US3WyemEt/6TYOEYGGkfK66hC84C22cm\nQqWnX2WkGLN2oLt78syW+nvQ+c4GMmSXkpOPvxVZP31TvYnwC4Ex4ejDDl6aFDVL\n0+cA26S446IF59+fphHctYkKDrg3BOu+sCgATf+vTKTCnM0/pKZ1+VWVuEir/kL0\nq4S9//AvMwyBGd4YRd90ZBoS+gXoPJxjsZ7yGF2KZuTG/1k/7E1+W4DWzy+FaxRa\nRLARZBHSo+fKRGV3TwEm2SOUJWg7bdO/9CIsW2+uBqYIu6hr647PTWkTZyatQClm\nq2CoRrvwmHKr0gTE1bM2KAS7xIg4hMQAUelOUAtpnulNBq4bPklgyqrvzwRRLr3h\nlFCjjjk/pLdVmJixCD7WJqKjtClMXG4ViG2Z8sKoMhTPuEZDTgNDPLjdjq2Hg1Tc\nE2Do6jJoif1RL3P21/GA8fsuIwvGh5ZsF0VUjobc391iP8kHkTs6t5UJAmIKlhhv\nwKX/GYQyj89H8f7rjfbLbTOmVFVvAfOqSz1Tdy9qE84FBhe2MTAaozaIa7HcuC6a\nEjBTjuuKZJahAAABABbjIxgH3xOSaOWGcpgfnL73hKRJ7QRHC1ygQTO2JUDNCye5\njZf+u8Ej7/eG+8KoS8Cir1M/27viIecxPBVktybxzthK7PjLWhuCClbYi/+h2v9/\nh85Yey0UKlcZfXs6g+xzb4XZu48nS9PJuvQkpY5HRrRa4q30kFAMLSyp0c2rCi9C\npqo1s8utFcBgTW2qEKcTAnacZ6Mm8jvQqoeQsKjEPJeL8dHSp9yd3nmO5R20dGV6\nUNaATMyQOolurTvSTk+Dz1Ffwh+j4JOcszRkFJuLD3sRB3mKHgmpaT39QZ8QE5ky\nhZKSs/2nzcb9jPzyEJMsJpNZzTTLKkbPncjQ2SAAAAEBAP6AabSazS/eS4J4wqhz\nRTZxMNNCTnlezs3EPToKEX5d0QvE+W4xJ+DVyAKqHZaR2Ta67bLEnfIZbtR6WDBI\nHiAisJnlkuhyQybcPsp7NuuIH69Vm34i0u6z5o7RqBa12i+VRGqims6WQOINmdTN\nJqcPGzsGZ7KD+ASNEH1g/JlG+rrBsFPe3m3ZMFXxO7NFEvItQP1D/9c8Xjf0fp9K\nwlDMkg9cPn8SnFCBfw7azATJ4V7M1ShoCZpn/V4xpLHLBLUaF2cyRO5QJDEanHAP\n3eCXXriIKfr1NgCK7Zpq7XjoB05c4w20hNkrAOGgYlb49X0eVvSvgs3qxrowlZqm\n0kMAAAEBANh6dWe6gc+fMmpE8Ivc2q+gOcBjzm7SrVzomDsUIN2R3u5Syq6VUWoj\nb4nFbq6G58e0XZsLoKBcbr3Mr0Oyakl7MKcOREqTp6mlcglwkQQ1aYZxy44ylzmn\n95zZRHUC2XcTOr2i94gY4PexU+CxU/udBEfQgZDQ6Lcx7kH9LUsUSy5mrV7ofPFY\n3YdMNXK+yGhURRKzfPrLDiy7Y+l5bU03OP0fzNSCfc72EGjvuOZKXvOVH4cOGcGU\n4T/QMGZgTJfizs9lEQV+cYcfLZeX6udZ/uExhawaRT3gj10LJiE5HQJ9+GGUd6a/\nkI+942B+lYCnyI9Bw4WA1cd9+koxf4kAAAAAAQID\n-----END OPENSSH PRIVATE KEY-----\n",
            "private_key_pem": "-----BEGIN RSA PRIVATE KEY-----\nMIIJKQIBAAKCAgEA1zYXGpITUoEE6W3jySHxJcbVvzuLUxx68L90ZA4IH1952hvI\nTFFD+DmkTPIZSUJuJDgtmTdI0P0V0oolHKO059U8GtYup8u4epJfGE/gISxpcGbY\njaKLehVgmdBMMMM0Wfhowt8I2KG5VenfSN0U+RmIQB5KEve1jjG+Pn3zWTSOXs19\n1fNX/mY0pEwy7W/4A5pNh1QzMqPR0xufvLrl+O1LBiweHSW9Sfb1aT/1rVJDufLw\n724QcGGsZQAbu+86ET5hU082xd+tWAx4nfDwI1NGrD0p16yNWgs2yyo8AOWAs852\nGnHwEaiFVIZviRRuJ3Tpj+nwivuLpcnseod4u2hEnjT42FxA3bu/skv4b0RNObxq\nouh87NtHhfGMUTJkzWG3/1rO9TDqynd64RLDQxftEStc2XDnc2ir+c6TYei89X9l\nRvrwitRVIiNWAOsH5fIjkbb/OkrCXE/Ixw/gRnsIz8pXlHtm6KUQU4wbpTYKnFOC\nSj3+v3vvEH9oscMb5GTy3UAavcj54XVhJtVsNRzmTcE2PbbtYTBRlo+AoPezfAkU\nIEVuk+hOxurMEMs5d60cWe97r5vbqxt9bt15b7LmUc1eBkDyRGK0wKvz/0JXgWrD\nkuh+06JGUoYYzgFv672lUbVm1bW3hO8/FcqlLobLaxJ8vPqk774W7CJowtsCAwEA\nAQKCAgBWaQd5ybEsbVVVjKPrPE+hBWcJc5ULd+H9DEJlciTcw+8fHgycZ/zMjAhm\nRMbWXW/v5waYAFSiZRv//yvLhge7Fikd9WWiRe/6dw7rqhap+zUSxpiotd0e1bqF\nx9bvtVEt1snphLf+k2DhGBhpHyuuoQvOAttnJkKlp19lpBizdqC7e/LMlvp70PnO\nBjJkl5KTj78VWT99U72J8AuBMeHoww5emhQ1S9PnANukuOOiBeffn6YR3LWJCg64\nNwTrvrAoAE3/r0ykwpzNP6SmdflVlbhIq/5C9KuEvf/wLzMMgRneGEXfdGQaEvoF\n6DycY7Ge8hhdimbkxv9ZP+xNfluA1s8vhWsUWkSwEWQR0qPnykRld08BJtkjlCVo\nO23Tv/QiLFtvrgamCLuoa+uOz01pE2cmrUApZqtgqEa78Jhyq9IExNWzNigEu8SI\nOITEAFHpTlALaZ7pTQauGz5JYMqq788EUS694ZRQo445P6S3VZiYsQg+1iaio7Qp\nTFxuFYhtmfLCqDIUz7hGQ04DQzy43Y6th4NU3BNg6OoyaIn9US9z9tfxgPH7LiML\nxoeWbBdFVI6G3N/dYj/JB5E7OreVCQJiCpYYb8Cl/xmEMo/PR/H+6432y20zplRV\nbwHzqks9U3cvahPOBQYXtjEwGqM2iGux3LgumhIwU47rimSWoQKCAQEA/oBptJrN\nL95LgnjCqHNFNnEw00JOeV7OzcQ9OgoRfl3RC8T5bjEn4NXIAqodlpHZNrrtssSd\n8hlu1HpYMEgeICKwmeWS6HJDJtw+yns264gfr1WbfiLS7rPmjtGoFrXaL5VEaqKa\nzpZA4g2Z1M0mpw8bOwZnsoP4BI0QfWD8mUb6usGwU97ebdkwVfE7s0US8i1A/UP/\n1zxeN/R+n0rCUMySD1w+fxKcUIF/DtrMBMnhXszVKGgJmmf9XjGkscsEtRoXZzJE\n7lAkMRqccA/d4JdeuIgp+vU2AIrtmmrteOgHTlzjDbSE2SsA4aBiVvj1fR5W9K+C\nzerGujCVmqbSQwKCAQEA2Hp1Z7qBz58yakTwi9zar6A5wGPObtKtXOiYOxQg3ZHe\n7lLKrpVRaiNvicVurobnx7RdmwugoFxuvcyvQ7JqSXswpw5ESpOnqaVyCXCRBDVp\nhnHLjjKXOaf3nNlEdQLZdxM6vaL3iBjg97FT4LFT+50ER9CBkNDotzHuQf0tSxRL\nLmatXuh88Vjdh0w1cr7IaFRFErN8+ssOLLtj6XltTTc4/R/M1IJ9zvYQaO+45kpe\n85Ufhw4ZwZThP9AwZmBMl+LOz2URBX5xhx8tl5fq51n+4TGFrBpFPeCPXQsmITkd\nAn34YZR3pr+Qj73jYH6VgKfIj0HDhYDVx336SjF/iQKCAQEAjdqjkKAsOD8uVWXc\nEipV7LeAoHA371yR5o04F06fW5ENQQMkiG/rq11dY2bQoSlgKipc7SS8aMIWTWZ4\nG0lHSWAskUst7FQr69AdS50MCpJQHtmXluHwMk6h9v8TMr1gBN+tR8akhPuo5Jby\nJHPI1JsN8YNrb0wxhM/f3hKeGQ1AGbJ2BvmVfyLs1ypjvVOF8OiabdBmHOEwHv4v\nSbhQwNqVmuwuhYOpDxJu8KexygWAkeeX9DKxD5hg2AzRoKvpTsxhOQsC8tZGpfwQ\nMEIXyOR2TmLPC2t8EydcspJhFOA3mk0Z3Xy+A5H9psVPquyPYJL1ouLlBMOUyxjj\nelT7owKCAQEAk7/xBd0b4FMtm65151/Tum7HO/Ji4OzV+kWeMSRp0hBPcaX8Q/AR\n4zlQVV31TxUwePM3uCzVct3jj5N2Q+Qv+vsjl8F7BtOEaZtMG/lCYPb7kRF19xW8\ndVOZAuqfeKV7O3RacTgbbj5cvXHAZ+lgAqmGVGWRKQAM9YwUq+Fa2pV9Qqw9xDs1\nm5wlhsSS7kAclGh/xGXQ9XNFt24moSGJYlxAfzMHIDv4FhuH07daIYO9Ds9G92y+\nU4uDuYQkpJsxa7EXqiG23mMQpUK4YXEEmOapuZWNQIulmrf74WtMmPxcOmkz75Xf\nnGW/Cvx1hlSfQXJCxtQB2Mq4HjJzc9QY0QKCAQAW4yMYB98TkmjlhnKYH5y+94Sk\nSe0ERwtcoEEztiVAzQsnuY2X/rvBI+/3hvvCqEvAoq9TP9u74iHnMTwVZLcm8c7Y\nSuz4y1obggpW2Iv/odr/f4fOWHstFCpXGX17OoPsc2+F2buPJ0vTybr0JKWOR0a0\nWuKt9JBQDC0sqdHNqwovQqaqNbPLrRXAYE1tqhCnEwJ2nGejJvI70KqHkLCoxDyX\ni/HR0qfcnd55juUdtHRlelDWgEzMkDqJbq070k5Pg89RX8Ifo+CTnLM0ZBSbiw97\nEQd5ih4JqWk9/UGfEBOZMoWSkrP9p83G/Yz88hCTLCaTWc00yypGz53I0Nkg\n-----END RSA PRIVATE KEY-----\n",
            "private_key_pem_pkcs8": "-----BEGIN PRIVATE KEY-----\nMIIJQwIBADANBgkqhkiG9w0BAQEFAASCCS0wggkpAgEAAoICAQDXNhcakhNSgQTp\nbePJIfElxtW/O4tTHHrwv3RkDggfX3naG8hMUUP4OaRM8hlJQm4kOC2ZN0jQ/RXS\niiUco7Tn1Twa1i6ny7h6kl8YT+AhLGlwZtiNoot6FWCZ0EwwwzRZ+GjC3wjYoblV\n6d9I3RT5GYhAHkoS97WOMb4+ffNZNI5ezX3V81f+ZjSkTDLtb/gDmk2HVDMyo9HT\nG5+8uuX47UsGLB4dJb1J9vVpP/WtUkO58vDvbhBwYaxlABu77zoRPmFTTzbF361Y\nDHid8PAjU0asPSnXrI1aCzbLKjwA5YCzznYacfARqIVUhm+JFG4ndOmP6fCK+4ul\nyex6h3i7aESeNPjYXEDdu7+yS/hvRE05vGqi6Hzs20eF8YxRMmTNYbf/Ws71MOrK\nd3rhEsNDF+0RK1zZcOdzaKv5zpNh6Lz1f2VG+vCK1FUiI1YA6wfl8iORtv86SsJc\nT8jHD+BGewjPyleUe2bopRBTjBulNgqcU4JKPf6/e+8Qf2ixwxvkZPLdQBq9yPnh\ndWEm1Ww1HOZNwTY9tu1hMFGWj4Cg97N8CRQgRW6T6E7G6swQyzl3rRxZ73uvm9ur\nG31u3XlvsuZRzV4GQPJEYrTAq/P/QleBasOS6H7TokZShhjOAW/rvaVRtWbVtbeE\n7z8VyqUuhstrEny8+qTvvhbsImjC2wIDAQABAoICAFZpB3nJsSxtVVWMo+s8T6EF\nZwlzlQt34f0MQmVyJNzD7x8eDJxn/MyMCGZExtZdb+/nBpgAVKJlG///K8uGB7sW\nKR31ZaJF7/p3DuuqFqn7NRLGmKi13R7VuoXH1u+1US3WyemEt/6TYOEYGGkfK66h\nC84C22cmQqWnX2WkGLN2oLt78syW+nvQ+c4GMmSXkpOPvxVZP31TvYnwC4Ex4ejD\nDl6aFDVL0+cA26S446IF59+fphHctYkKDrg3BOu+sCgATf+vTKTCnM0/pKZ1+VWV\nuEir/kL0q4S9//AvMwyBGd4YRd90ZBoS+gXoPJxjsZ7yGF2KZuTG/1k/7E1+W4DW\nzy+FaxRaRLARZBHSo+fKRGV3TwEm2SOUJWg7bdO/9CIsW2+uBqYIu6hr647PTWkT\nZyatQClmq2CoRrvwmHKr0gTE1bM2KAS7xIg4hMQAUelOUAtpnulNBq4bPklgyqrv\nzwRRLr3hlFCjjjk/pLdVmJixCD7WJqKjtClMXG4ViG2Z8sKoMhTPuEZDTgNDPLjd\njq2Hg1TcE2Do6jJoif1RL3P21/GA8fsuIwvGh5ZsF0VUjobc391iP8kHkTs6t5UJ\nAmIKlhhvwKX/GYQyj89H8f7rjfbLbTOmVFVvAfOqSz1Tdy9qE84FBhe2MTAaozaI\na7HcuC6aEjBTjuuKZJahAoIBAQD+gGm0ms0v3kuCeMKoc0U2cTDTQk55Xs7NxD06\nChF+XdELxPluMSfg1cgCqh2Wkdk2uu2yxJ3yGW7UelgwSB4gIrCZ5ZLockMm3D7K\nezbriB+vVZt+ItLus+aO0agWtdovlURqoprOlkDiDZnUzSanDxs7Bmeyg/gEjRB9\nYPyZRvq6wbBT3t5t2TBV8TuzRRLyLUD9Q//XPF439H6fSsJQzJIPXD5/EpxQgX8O\n2swEyeFezNUoaAmaZ/1eMaSxywS1GhdnMkTuUCQxGpxwD93gl164iCn69TYAiu2a\nau146AdOXOMNtITZKwDhoGJW+PV9Hlb0r4LN6sa6MJWaptJDAoIBAQDYenVnuoHP\nnzJqRPCL3NqvoDnAY85u0q1c6Jg7FCDdkd7uUsqulVFqI2+JxW6uhufHtF2bC6Cg\nXG69zK9DsmpJezCnDkRKk6eppXIJcJEENWmGccuOMpc5p/ec2UR1Atl3Ezq9oveI\nGOD3sVPgsVP7nQRH0IGQ0Oi3Me5B/S1LFEsuZq1e6HzxWN2HTDVyvshoVEUSs3z6\nyw4su2PpeW1NNzj9H8zUgn3O9hBo77jmSl7zlR+HDhnBlOE/0DBmYEyX4s7PZREF\nfnGHHy2Xl+rnWf7hMYWsGkU94I9dCyYhOR0CffhhlHemv5CPveNgfpWAp8iPQcOF\ngNXHffpKMX+JAoIBAQCN2qOQoCw4Py5VZdwSKlXst4CgcDfvXJHmjTgXTp9bkQ1B\nAySIb+urXV1jZtChKWAqKlztJLxowhZNZngbSUdJYCyRSy3sVCvr0B1LnQwKklAe\n2ZeW4fAyTqH2/xMyvWAE361HxqSE+6jklvIkc8jUmw3xg2tvTDGEz9/eEp4ZDUAZ\nsnYG+ZV/IuzXKmO9U4Xw6Jpt0GYc4TAe/i9JuFDA2pWa7C6Fg6kPEm7wp7HKBYCR\n55f0MrEPmGDYDNGgq+lOzGE5CwLy1kal/BAwQhfI5HZOYs8La3wTJ1yykmEU4Dea\nTRndfL4Dkf2mxU+q7I9gkvWi4uUEw5TLGON6VPujAoIBAQCTv/EF3RvgUy2brnXn\nX9O6bsc78mLg7NX6RZ4xJGnSEE9xpfxD8BHjOVBVXfVPFTB48ze4LNVy3eOPk3ZD\n5C/6+yOXwXsG04Rpm0wb+UJg9vuREXX3Fbx1U5kC6p94pXs7dFpxOBtuPly9ccBn\n6WACqYZUZZEpAAz1jBSr4VralX1CrD3EOzWbnCWGxJLuQByUaH/EZdD1c0W3biah\nIYliXEB/MwcgO/gWG4fTt1ohg70Oz0b3bL5Ti4O5hCSkmzFrsReqIbbeYxClQrhh\ncQSY5qm5lY1Ai6Wat/vha0yY/Fw6aTPvld+cZb8K/HWGVJ9BckLG1AHYyrgeMnNz\n1BjRAoIBABbjIxgH3xOSaOWGcpgfnL73hKRJ7QRHC1ygQTO2JUDNCye5jZf+u8Ej\n7/eG+8KoS8Cir1M/27viIecxPBVktybxzthK7PjLWhuCClbYi/+h2v9/h85Yey0U\nKlcZfXs6g+xzb4XZu48nS9PJuvQkpY5HRrRa4q30kFAMLSyp0c2rCi9Cpqo1s8ut\nFcBgTW2qEKcTAnacZ6Mm8jvQqoeQsKjEPJeL8dHSp9yd3nmO5R20dGV6UNaATMyQ\nOolurTvSTk+Dz1Ffwh+j4JOcszRkFJuLD3sRB3mKHgmpaT39QZ8QE5kyhZKSs/2n\nzcb9jPzyEJMsJpNZzTTLKkbPncjQ2SA=\n-----END PRIVATE KEY-----\n",
            "public_key_fingerprint_md5": "87:cf:3d:76:76:4e:58:a0:b2:66:01:95:8e:e1:4f:22",
            "public_key_fingerprint_sha256": "SHA256:AuI62V2PdA+CpEZIKgEW5RYTJCYx8iTpTRam5SeHuS8",
            "public_key_openssh": "ssh-rsa AAAAB3NzaC1yc2EAAAADAQABAAACAQDXNhcakhNSgQTpbePJIfElxtW/O4tTHHrwv3RkDggfX3naG8hMUUP4OaRM8hlJQm4kOC2ZN0jQ/RXSiiUco7Tn1Twa1i6ny7h6kl8YT+AhLGlwZtiNoot6FWCZ0EwwwzRZ+GjC3wjYoblV6d9I3RT5GYhAHkoS97WOMb4+ffNZNI5ezX3V81f+ZjSkTDLtb/gDmk2HVDMyo9HTG5+8uuX47UsGLB4dJb1J9vVpP/WtUkO58vDvbhBwYaxlABu77zoRPmFTTzbF361YDHid8PAjU0asPSnXrI1aCzbLKjwA5YCzznYacfARqIVUhm+JFG4ndOmP6fCK+4ulyex6h3i7aESeNPjYXEDdu7+yS/hvRE05vGqi6Hzs20eF8YxRMmTNYbf/Ws71MOrKd3rhEsNDF+0RK1zZcOdzaKv5zpNh6Lz1f2VG+vCK1FUiI1YA6wfl8iORtv86SsJcT8jHD+BGewjPyleUe2bopRBTjBulNgqcU4JKPf6/e+8Qf2ixwxvkZPLdQBq9yPnhdWEm1Ww1HOZNwTY9tu1hMFGWj4Cg97N8CRQgRW6T6E7G6swQyzl3rRxZ73uvm9urG31u3XlvsuZRzV4GQPJEYrTAq/P/QleBasOS6H7TokZShhjOAW/rvaVRtWbVtbeE7z8VyqUuhstrEny8+qTvvhbsImjC2w==\n",
            "public_key_pem": "-----BEGIN PUBLIC KEY-----\nMIICIjANBgkqhkiG9w0BAQEFAAOCAg8AMIICCgKCAgEA1zYXGpITUoEE6W3jySHx\nJcbVvzuLUxx68L90ZA4IH1952hvITFFD+DmkTPIZSUJuJDgtmTdI0P0V0oolHKO0\n59U8GtYup8u4epJfGE/gISxpcGbYjaKLehVgmdBMMMM0Wfhowt8I2KG5VenfSN0U\n+RmIQB5KEve1jjG+Pn3zWTSOXs191fNX/mY0pEwy7W/4A5pNh1QzMqPR0xufvLrl\n+O1LBiweHSW9Sfb1aT/1rVJDufLw724QcGGsZQAbu+86ET5hU082xd+tWAx4nfDw\nI1NGrD0p16yNWgs2yyo8AOWAs852GnHwEaiFVIZviRRuJ3Tpj+nwivuLpcnseod4\nu2hEnjT42FxA3bu/skv4b0RNObxqouh87NtHhfGMUTJkzWG3/1rO9TDqynd64RLD\nQxftEStc2XDnc2ir+c6TYei89X9lRvrwitRVIiNWAOsH5fIjkbb/OkrCXE/Ixw/g\nRnsIz8pXlHtm6KUQU4wbpTYKnFOCSj3+v3vvEH9oscMb5GTy3UAavcj54XVhJtVs\nNRzmTcE2PbbtYTBRlo+AoPezfAkUIEVuk+hOxurMEMs5d60cWe97r5vbqxt9bt15\nb7LmUc1eBkDyRGK0wKvz/0JXgWrDkuh+06JGUoYYzgFv672lUbVm1bW3hO8/Fcql\nLobLaxJ8vPqk774W7CJowtsCAwEAAQ==\n-----END PUBLIC KEY-----\n",
            "rsa_bits": 4096
          },
          "sensitive_attributes": [
            [
              {
                "type": "get_attr",
                "value": "private_key_pem_pkcs8"
              }
            ],
            [
              {
                "type": "get_attr",
                "value": "private_key_pem"
              }
            ],
            [
              {
                "type": "get_attr",
                "value": "private_key_openssh"
              }
            ]
          ]
        }
      ]
    }
  ],
  "check_results": null
}
